
Microsoft Visual Studio Solution File, Format Version 12.00
# Visual Studio Version 16
VisualStudioVersion = 16.0.30907.101
MinimumVisualStudioVersion = 10.0.40219.1
Project("{FAE04EC0-301F-11D3-BF4B-00C04F79EFBC}") = "finalProject", "finalProject\finalProject.csproj", "{EBA298C4-A36A-4FA5-B660-660937B8596E}"
EndProject
Global
	GlobalSection(SolutionConfigurationPlatforms) = preSolution
		Debug|Any CPU = Debug|Any CPU
		Release|Any CPU = Release|Any CPU
	EndGlobalSection
	GlobalSection(ProjectConfigurationPlatforms) = postSolution
		{EBA298C4-A36A-4FA5-B660-660937B8596E}.Debug|Any CPU.ActiveCfg = Debug|Any CPU
		{EBA298C4-A36A-4FA5-B660-660937B8596E}.Debug|Any CPU.Build.0 = Debug|Any CPU
		{EBA298C4-A36A-4FA5-B660-660937B8596E}.Release|Any CPU.ActiveCfg = Release|Any CPU
		{EBA298C4-A36A-4FA5-B660-660937B8596E}.Release|Any CPU.Build.0 = Release|Any CPU
	EndGlobalSection
	GlobalSection(SolutionProperties) = preSolution
		HideSolutionNode = FALSE
	EndGlobalSection
	GlobalSection(ExtensibilityGlobals) = postSolution
		SolutionGuid = {73160C90-F3C3-4077-87E6-B94A76310A79}
	EndGlobalSection
EndGlobal
